<Solution>
  <Folder Name="/src/" />
  <Folder Name="/src/Ui/">
    <Project Path="src/Ui/CircuitRF.Ui.csproj" />
  </Folder>
  <Folder Name="/src/Cli/">
    <Project Path="src/Cli/CircuitRF.Cli.csproj" />
  </Folder>
  <Folder Name="/src/RfCore/">
    <Project Path="src/RfCore/RfCore.csproj" />
  </Folder>
  <Folder Name="/src/Core/">
    <Project Path="src/Core/CircuitRF.Core.csproj" />
  </Folder>
  <Folder Name="/src/Engine/">
    <Project Path="src/Engine/CircuitRF.Engine.csproj" />
  </Folder>
  <Folder Name="/src/Design/">
    <Project Path="src/Design/CircuitRF.Design.csproj" />
  </Folder>
  <Folder Name="/src/Harmonica/">
    <Project Path="src/Harmonica/CircuitRF.Harmonica.csproj" />
  </Folder>
  <Folder Name="/src/WBond/">
    <Project Path="src/WBond/CircuitRF.WBond.csproj" />
  </Folder>
  <Folder Name="/tools/" />
  <Folder Name="/tools/DeviceWorkerExample/">
    <Project Path="tools/DeviceWorkerExample/DeviceWorkerExample.csproj" />
  </Folder>
  <Folder Name="/tests/" />
  <Folder Name="/tests/Core.Tests/">
    <Project Path="tests/Core.Tests/CircuitRF.Core.Tests.csproj" />
  </Folder>
  <Folder Name="/tests/Engine.Tests/">
    <Project Path="tests/Engine.Tests/CircuitRF.Engine.Tests.csproj" />
  </Folder>
  <Folder Name="/tests/Firewall.Tests/">
    <Project Path="tests/Firewall.Tests/CircuitRF.Firewall.Tests.csproj" />
  </Folder>
  <Folder Name="/tests/Ui.Tests/">
    <Project Path="tests/Ui.Tests/CircuitRF.Ui.Tests.csproj" />
  </Folder>
  <Folder Name="/tests/RfCore.Tests/">
    <Project Path="tests/RfCore.Tests/RfCore.Tests.csproj" />
  </Folder>
  <Folder Name="/tests/Harmonica.Tests/">
    <Project Path="tests/Harmonica.Tests/CircuitRF.Harmonica.Tests.csproj" />
  </Folder>
  <Folder Name="/tests/WBond.Tests/">
    <Project Path="tests/WBond.Tests/CircuitRF.WBond.Tests.csproj" />
  </Folder>
</Solution>
